
Microsoft Visual Studio Solution File, Format Version 12.00
# Visual Studio Version 16
VisualStudioVersion = 16.0.34601.136
MinimumVisualStudioVersion = 10.0.40219.1
Project("{FAE04EC0-301F-11D3-BF4B-00C04F79EFBC}") = "Encuestas", "Encuestas.csproj", "{8A50A18D-8996-4189-92CA-8E626C873070}"
EndProject
Global
	GlobalSection(SolutionConfigurationPlatforms) = preSolution
		Debug|Any CPU = Debug|Any CPU
		Release|Any CPU = Release|Any CPU
	EndGlobalSection
	GlobalSection(ProjectConfigurationPlatforms) = postSolution
		{8A50A18D-8996-4189-92CA-8E626C873070}.Debug|Any CPU.ActiveCfg = Debug|Any CPU
		{8A50A18D-8996-4189-92CA-8E626C873070}.Debug|Any CPU.Build.0 = Debug|Any CPU
		{8A50A18D-8996-4189-92CA-8E626C873070}.Release|Any CPU.ActiveCfg = Release|Any CPU
		{8A50A18D-8996-4189-92CA-8E626C873070}.Release|Any CPU.Build.0 = Release|Any CPU
	EndGlobalSection
	GlobalSection(SolutionProperties) = preSolution
		HideSolutionNode = FALSE
	EndGlobalSection
	GlobalSection(ExtensibilityGlobals) = postSolution
		SolutionGuid = {9838B968-0BA9-4019-989A-61E78251493C}
	EndGlobalSection
EndGlobal
